
Microsoft Visual Studio Solution File, Format Version 12.00
# Visual Studio Version 17
VisualStudioVersion = 17.2.32630.192
MinimumVisualStudioVersion = 10.0.40219.1
Project("{FAE04EC0-301F-11D3-BF4B-00C04F79EFBC}") = "CSharpStudio3", "ConsoleApp2\CSharpStudio3.csproj", "{5139D73D-9B81-42BC-A875-5C8FFA4F54B1}"
EndProject
Global
	GlobalSection(SolutionConfigurationPlatforms) = preSolution
		Debug|Any CPU = Debug|Any CPU
		Release|Any CPU = Release|Any CPU
	EndGlobalSection
	GlobalSection(ProjectConfigurationPlatforms) = postSolution
		{5139D73D-9B81-42BC-A875-5C8FFA4F54B1}.Debug|Any CPU.ActiveCfg = Debug|Any CPU
		{5139D73D-9B81-42BC-A875-5C8FFA4F54B1}.Debug|Any CPU.Build.0 = Debug|Any CPU
		{5139D73D-9B81-42BC-A875-5C8FFA4F54B1}.Release|Any CPU.ActiveCfg = Release|Any CPU
		{5139D73D-9B81-42BC-A875-5C8FFA4F54B1}.Release|Any CPU.Build.0 = Release|Any CPU
	EndGlobalSection
	GlobalSection(SolutionProperties) = preSolution
		HideSolutionNode = FALSE
	EndGlobalSection
	GlobalSection(ExtensibilityGlobals) = postSolution
		SolutionGuid = {371F7A38-D003-4594-9102-AB108BFCDCAC}
	EndGlobalSection
EndGlobal
